
Microsoft Visual Studio Solution File, Format Version 12.00
# Visual Studio Version 17
VisualStudioVersion = 17.0.32112.339
MinimumVisualStudioVersion = 10.0.40219.1
Project("{FAE04EC0-301F-11D3-BF4B-00C04F79EFBC}") = "EntitySchema", "EntitySchema.csproj", "{16C13AF3-C8C5-415D-91C9-A27477644AD1}"
EndProject
Global
	GlobalSection(SolutionConfigurationPlatforms) = preSolution
		Debug|Any CPU = Debug|Any CPU
		Release|Any CPU = Release|Any CPU
	EndGlobalSection
	GlobalSection(ProjectConfigurationPlatforms) = postSolution
		{16C13AF3-C8C5-415D-91C9-A27477644AD1}.Debug|Any CPU.ActiveCfg = Debug|Any CPU
		{16C13AF3-C8C5-415D-91C9-A27477644AD1}.Debug|Any CPU.Build.0 = Debug|Any CPU
		{16C13AF3-C8C5-415D-91C9-A27477644AD1}.Release|Any CPU.ActiveCfg = Release|Any CPU
		{16C13AF3-C8C5-415D-91C9-A27477644AD1}.Release|Any CPU.Build.0 = Release|Any CPU
	EndGlobalSection
	GlobalSection(SolutionProperties) = preSolution
		HideSolutionNode = FALSE
	EndGlobalSection
	GlobalSection(ExtensibilityGlobals) = postSolution
		SolutionGuid = {DC18B869-C0A4-44DF-B5DE-73AF0B3AA2CA}
	EndGlobalSection
EndGlobal
